
Microsoft Visual Studio Solution File, Format Version 12.00
# Visual Studio Version 16
VisualStudioVersion = 16.0.30011.22
MinimumVisualStudioVersion = 10.0.40219.1
Project("{9A19103F-16F7-4668-BE54-9A1E7A4F7556}") = "Carsales.StockManagement.Api", "Carsales.StockManagement.Api\Carsales.StockManagement.Api.csproj", "{FAE1BC44-A874-49E2-A773-85FDED5FFDBF}"
EndProject
Project("{9A19103F-16F7-4668-BE54-9A1E7A4F7556}") = "Carsales.StockManagement.Models", "Carsales.StockManagement.Models\Carsales.StockManagement.Models.csproj", "{A890C126-6D9E-45C3-824E-114CF379370C}"
EndProject
Project("{9A19103F-16F7-4668-BE54-9A1E7A4F7556}") = "Carsales.StockManagement.Repository", "Carsales.StockManagement.Repository\Carsales.StockManagement.Repository.csproj", "{D0B6F3C8-4678-4EFB-8157-60F275D54035}"
EndProject
Project("{9A19103F-16F7-4668-BE54-9A1E7A4F7556}") = "Carsales.StockManagement.Services", "Carsales.StockManagement.Services\Carsales.StockManagement.Services.csproj", "{0966A54F-0799-448A-97B2-78546516D569}"
EndProject
Project("{2150E333-8FDC-42A3-9474-1A3956D46DE8}") = "Infra", "Infra", "{FDBAD957-D261-4F26-802F-72C855CF1EB0}"
EndProject
Project("{FAE04EC0-301F-11D3-BF4B-00C04F79EFBC}") = "Carsales.StockManagement.Api.Tests", "Carsales.StockManagement.Api.Tests\Carsales.StockManagement.Api.Tests.csproj", "{959E4A33-414B-4FE8-AD6D-7AB2F53637B8}"
EndProject
Global
	GlobalSection(SolutionConfigurationPlatforms) = preSolution
		Debug|Any CPU = Debug|Any CPU
		Release|Any CPU = Release|Any CPU
	EndGlobalSection
	GlobalSection(ProjectConfigurationPlatforms) = postSolution
		{FAE1BC44-A874-49E2-A773-85FDED5FFDBF}.Debug|Any CPU.ActiveCfg = Debug|Any CPU
		{FAE1BC44-A874-49E2-A773-85FDED5FFDBF}.Debug|Any CPU.Build.0 = Debug|Any CPU
		{FAE1BC44-A874-49E2-A773-85FDED5FFDBF}.Release|Any CPU.ActiveCfg = Release|Any CPU
		{FAE1BC44-A874-49E2-A773-85FDED5FFDBF}.Release|Any CPU.Build.0 = Release|Any CPU
		{A890C126-6D9E-45C3-824E-114CF379370C}.Debug|Any CPU.ActiveCfg = Debug|Any CPU
		{A890C126-6D9E-45C3-824E-114CF379370C}.Debug|Any CPU.Build.0 = Debug|Any CPU
		{A890C126-6D9E-45C3-824E-114CF379370C}.Release|Any CPU.ActiveCfg = Release|Any CPU
		{A890C126-6D9E-45C3-824E-114CF379370C}.Release|Any CPU.Build.0 = Release|Any CPU
		{D0B6F3C8-4678-4EFB-8157-60F275D54035}.Debug|Any CPU.ActiveCfg = Debug|Any CPU
		{D0B6F3C8-4678-4EFB-8157-60F275D54035}.Debug|Any CPU.Build.0 = Debug|Any CPU
		{D0B6F3C8-4678-4EFB-8157-60F275D54035}.Release|Any CPU.ActiveCfg = Release|Any CPU
		{D0B6F3C8-4678-4EFB-8157-60F275D54035}.Release|Any CPU.Build.0 = Release|Any CPU
		{0966A54F-0799-448A-97B2-78546516D569}.Debug|Any CPU.ActiveCfg = Debug|Any CPU
		{0966A54F-0799-448A-97B2-78546516D569}.Debug|Any CPU.Build.0 = Debug|Any CPU
		{0966A54F-0799-448A-97B2-78546516D569}.Release|Any CPU.ActiveCfg = Release|Any CPU
		{0966A54F-0799-448A-97B2-78546516D569}.Release|Any CPU.Build.0 = Release|Any CPU
		{959E4A33-414B-4FE8-AD6D-7AB2F53637B8}.Debug|Any CPU.ActiveCfg = Debug|Any CPU
		{959E4A33-414B-4FE8-AD6D-7AB2F53637B8}.Debug|Any CPU.Build.0 = Debug|Any CPU
		{959E4A33-414B-4FE8-AD6D-7AB2F53637B8}.Release|Any CPU.ActiveCfg = Release|Any CPU
		{959E4A33-414B-4FE8-AD6D-7AB2F53637B8}.Release|Any CPU.Build.0 = Release|Any CPU
	EndGlobalSection
	GlobalSection(SolutionProperties) = preSolution
		HideSolutionNode = FALSE
	EndGlobalSection
	GlobalSection(ExtensibilityGlobals) = postSolution
		SolutionGuid = {A50CA7D7-75EB-4D40-B417-C0848781AC86}
	EndGlobalSection
EndGlobal
